
Microsoft Visual Studio Solution File, Format Version 12.00
# Visual Studio 2013
VisualStudioVersion = 12.0.21005.1
MinimumVisualStudioVersion = 10.0.40219.1
Project("{8BC9CEB8-8B4A-11D0-8D11-00A0C91BC942}") = "MFCApplication1", "MFCApplication1\MFCApplication1.vcxproj", "{69A8E427-71F5-4661-AA7F-CA971DCC4678}"
EndProject
Project("{8BC9CEB8-8B4A-11D0-8D11-00A0C91BC942}") = "SocketServer", "SocketServer\SocketServer.vcxproj", "{B72029F2-B9BD-41A7-9E89-89237E1C8AF0}"
EndProject
Project("{8BC9CEB8-8B4A-11D0-8D11-00A0C91BC942}") = "MyUtils", "MyUtils\MyUtils.vcxproj", "{08371D8C-BB57-484B-BD42-ED99B13B931F}"
EndProject
Project("{8BC9CEB8-8B4A-11D0-8D11-00A0C91BC942}") = "GetScreenPixel", "GetScreenPixel\GetScreenPixel.vcxproj", "{BC0B66F7-A3F5-4601-815F-CC9B3EDBABC0}"
EndProject
Global
	GlobalSection(SolutionConfigurationPlatforms) = preSolution
		Debug|Mixed Platforms = Debug|Mixed Platforms
		Debug|Win32 = Debug|Win32
		Debug|x64 = Debug|x64
		Release|Mixed Platforms = Release|Mixed Platforms
		Release|Win32 = Release|Win32
		Release|x64 = Release|x64
	EndGlobalSection
	GlobalSection(ProjectConfigurationPlatforms) = postSolution
		{69A8E427-71F5-4661-AA7F-CA971DCC4678}.Debug|Mixed Platforms.ActiveCfg = Debug|x64
		{69A8E427-71F5-4661-AA7F-CA971DCC4678}.Debug|Mixed Platforms.Build.0 = Debug|x64
		{69A8E427-71F5-4661-AA7F-CA971DCC4678}.Debug|Win32.ActiveCfg = Debug|Win32
		{69A8E427-71F5-4661-AA7F-CA971DCC4678}.Debug|Win32.Build.0 = Debug|Win32
		{69A8E427-71F5-4661-AA7F-CA971DCC4678}.Debug|x64.ActiveCfg = Debug|x64
		{69A8E427-71F5-4661-AA7F-CA971DCC4678}.Debug|x64.Build.0 = Debug|x64
		{69A8E427-71F5-4661-AA7F-CA971DCC4678}.Release|Mixed Platforms.ActiveCfg = Release|Win32
		{69A8E427-71F5-4661-AA7F-CA971DCC4678}.Release|Mixed Platforms.Build.0 = Release|Win32
		{69A8E427-71F5-4661-AA7F-CA971DCC4678}.Release|Win32.ActiveCfg = Release|Win32
		{69A8E427-71F5-4661-AA7F-CA971DCC4678}.Release|Win32.Build.0 = Release|Win32
		{69A8E427-71F5-4661-AA7F-CA971DCC4678}.Release|x64.ActiveCfg = Release|x64
		{69A8E427-71F5-4661-AA7F-CA971DCC4678}.Release|x64.Build.0 = Release|x64
		{B72029F2-B9BD-41A7-9E89-89237E1C8AF0}.Debug|Mixed Platforms.ActiveCfg = Debug|Win32
		{B72029F2-B9BD-41A7-9E89-89237E1C8AF0}.Debug|Mixed Platforms.Build.0 = Debug|Win32
		{B72029F2-B9BD-41A7-9E89-89237E1C8AF0}.Debug|Win32.ActiveCfg = Debug|Win32
		{B72029F2-B9BD-41A7-9E89-89237E1C8AF0}.Debug|Win32.Build.0 = Debug|Win32
		{B72029F2-B9BD-41A7-9E89-89237E1C8AF0}.Debug|x64.ActiveCfg = Debug|Win32
		{B72029F2-B9BD-41A7-9E89-89237E1C8AF0}.Release|Mixed Platforms.ActiveCfg = Release|Win32
		{B72029F2-B9BD-41A7-9E89-89237E1C8AF0}.Release|Mixed Platforms.Build.0 = Release|Win32
		{B72029F2-B9BD-41A7-9E89-89237E1C8AF0}.Release|Win32.ActiveCfg = Release|Win32
		{B72029F2-B9BD-41A7-9E89-89237E1C8AF0}.Release|Win32.Build.0 = Release|Win32
		{B72029F2-B9BD-41A7-9E89-89237E1C8AF0}.Release|x64.ActiveCfg = Release|Win32
		{08371D8C-BB57-484B-BD42-ED99B13B931F}.Debug|Mixed Platforms.ActiveCfg = Debug|Win32
		{08371D8C-BB57-484B-BD42-ED99B13B931F}.Debug|Mixed Platforms.Build.0 = Debug|Win32
		{08371D8C-BB57-484B-BD42-ED99B13B931F}.Debug|Win32.ActiveCfg = Debug|Win32
		{08371D8C-BB57-484B-BD42-ED99B13B931F}.Debug|Win32.Build.0 = Debug|Win32
		{08371D8C-BB57-484B-BD42-ED99B13B931F}.Debug|x64.ActiveCfg = Debug|Win32
		{08371D8C-BB57-484B-BD42-ED99B13B931F}.Release|Mixed Platforms.ActiveCfg = Release|Win32
		{08371D8C-BB57-484B-BD42-ED99B13B931F}.Release|Mixed Platforms.Build.0 = Release|Win32
		{08371D8C-BB57-484B-BD42-ED99B13B931F}.Release|Win32.ActiveCfg = Release|Win32
		{08371D8C-BB57-484B-BD42-ED99B13B931F}.Release|Win32.Build.0 = Release|Win32
		{08371D8C-BB57-484B-BD42-ED99B13B931F}.Release|x64.ActiveCfg = Release|Win32
		{BC0B66F7-A3F5-4601-815F-CC9B3EDBABC0}.Debug|Mixed Platforms.ActiveCfg = Debug|Win32
		{BC0B66F7-A3F5-4601-815F-CC9B3EDBABC0}.Debug|Mixed Platforms.Build.0 = Debug|Win32
		{BC0B66F7-A3F5-4601-815F-CC9B3EDBABC0}.Debug|Win32.ActiveCfg = Debug|Win32
		{BC0B66F7-A3F5-4601-815F-CC9B3EDBABC0}.Debug|Win32.Build.0 = Debug|Win32
		{BC0B66F7-A3F5-4601-815F-CC9B3EDBABC0}.Debug|x64.ActiveCfg = Debug|Win32
		{BC0B66F7-A3F5-4601-815F-CC9B3EDBABC0}.Release|Mixed Platforms.ActiveCfg = Release|Win32
		{BC0B66F7-A3F5-4601-815F-CC9B3EDBABC0}.Release|Mixed Platforms.Build.0 = Release|Win32
		{BC0B66F7-A3F5-4601-815F-CC9B3EDBABC0}.Release|Win32.ActiveCfg = Release|Win32
		{BC0B66F7-A3F5-4601-815F-CC9B3EDBABC0}.Release|Win32.Build.0 = Release|Win32
		{BC0B66F7-A3F5-4601-815F-CC9B3EDBABC0}.Release|x64.ActiveCfg = Release|Win32
	EndGlobalSection
	GlobalSection(SolutionProperties) = preSolution
		HideSolutionNode = FALSE
	EndGlobalSection
EndGlobal
